<?xml version="1.0"?>
<CONFIG>
  <ProjectOptions>
    <Version Value="3"/>
    <General>
      <ProjectType Value="Application"/>
      <Flags>
        <SaveClosedFiles Value="False"/>
      </Flags>
      <MainUnit Value="0"/>
      <ActiveEditorIndexAtStart Value="0"/>
      <IconPath Value="./"/>
      <TargetFileExt Value=""/>
      <Title Value="sc"/>
    </General>
    <JumpHistory Count="0" HistoryIndex="-1"/>
    <Units Count="15">
      <Unit0>
        <CursorPos X="1" Y="72"/>
        <EditorIndex Value="0"/>
        <Filename Value="sc.lpr"/>
        <IsPartOfProject Value="True"/>
        <Loaded Value="True"/>
        <TopLine Value="50"/>
        <UnitName Value="sc"/>
        <UsageCount Value="188"/>
      </Unit0>
      <Unit1>
        <CursorPos X="15" Y="271"/>
        <EditorIndex Value="3"/>
        <Filename Value="fmain.pas"/>
        <ComponentName Value="frmMain"/>
        <Loaded Value="True"/>
        <ResourceFilename Value="fmain.lrs"/>
        <TopLine Value="257"/>
        <UnitName Value="fMain"/>
        <UsageCount Value="22"/>
      </Unit1>
      <Unit2>
        <CursorPos X="15" Y="1402"/>
        <EditorIndex Value="14"/>
        <Filename Value="/home/radek/kodovani2/lazarus/lcl/controls.pp"/>
        <Loaded Value="True"/>
        <TopLine Value="1388"/>
        <UnitName Value="Controls"/>
        <UsageCount Value="19"/>
      </Unit2>
      <Unit3>
        <CursorPos X="1" Y="246"/>
        <EditorIndex Value="2"/>
        <Filename Value="uglobs.pas"/>
        <Loaded Value="True"/>
        <TopLine Value="220"/>
        <UnitName Value="uGlobs"/>
        <UsageCount Value="15"/>
      </Unit3>
      <Unit4>
        <CursorPos X="3" Y="214"/>
        <EditorIndex Value="5"/>
        <Filename Value="framepanel.pas"/>
        <ComponentName Value="FrameFilePanel"/>
        <Loaded Value="True"/>
        <ResourceFilename Value="framepanel.lrs"/>
        <TopLine Value="212"/>
        <UnitName Value="framePanel"/>
        <UsageCount Value="15"/>
      </Unit4>
      <Unit5>
        <CursorPos X="34" Y="66"/>
        <EditorIndex Value="6"/>
        <Filename Value="ufindthread.pas"/>
        <Loaded Value="True"/>
        <TopLine Value="46"/>
        <UnitName Value="uFindThread"/>
        <UsageCount Value="13"/>
      </Unit5>
      <Unit6>
        <CursorPos X="26" Y="88"/>
        <EditorIndex Value="13"/>
        <Filename Value="ucopythread.pas"/>
        <Loaded Value="True"/>
        <TopLine Value="72"/>
        <UnitName Value="uCopyThread"/>
        <UsageCount Value="13"/>
      </Unit6>
      <Unit7>
        <CursorPos X="1" Y="243"/>
        <EditorIndex Value="12"/>
        <Filename Value="/usr/share/fpc/rtl/unix/sysutils.pp"/>
        <Loaded Value="True"/>
        <TopLine Value="233"/>
        <UnitName Value="sysutils"/>
        <UsageCount Value="12"/>
      </Unit7>
      <Unit8>
        <CursorPos X="23" Y="421"/>
        <EditorIndex Value="7"/>
        <Filename Value="ulng.pas"/>
        <Loaded Value="True"/>
        <TopLine Value="396"/>
        <UnitName Value="uLng"/>
        <UsageCount Value="11"/>
      </Unit8>
      <Unit9>
        <CursorPos X="25" Y="35"/>
        <EditorIndex Value="10"/>
        <Filename Value="uglobspaths.pas"/>
        <Loaded Value="True"/>
        <TopLine Value="8"/>
        <UnitName Value="uGlobsPaths"/>
        <UsageCount Value="11"/>
      </Unit9>
      <Unit10>
        <CursorPos X="38" Y="380"/>
        <EditorIndex Value="11"/>
        <Filename Value="feditorconf.pas"/>
        <ComponentName Value="frmEditorConf"/>
        <Loaded Value="True"/>
        <TopLine Value="354"/>
        <UnitName Value="fEditorConf"/>
        <UsageCount Value="11"/>
      </Unit10>
      <Unit11>
        <CursorPos X="1" Y="174"/>
        <EditorIndex Value="8"/>
        <Filename Value="ushowmsg.pas"/>
        <Loaded Value="True"/>
        <TopLine Value="145"/>
        <UnitName Value="uShowMsg"/>
        <UsageCount Value="11"/>
      </Unit11>
      <Unit12>
        <CursorPos X="28" Y="150"/>
        <EditorIndex Value="1"/>
        <Filename Value="upixmapmanager.pas"/>
        <Loaded Value="True"/>
        <TopLine Value="132"/>
        <UnitName Value="uPixMapManager"/>
        <UsageCount Value="10"/>
      </Unit12>
      <Unit13>
        <CursorPos X="25" Y="96"/>
        <EditorIndex Value="9"/>
        <Filename Value="uvfs.pas"/>
        <Loaded Value="True"/>
        <TopLine Value="267"/>
        <UnitName Value="uVFS"/>
        <UsageCount Value="10"/>
      </Unit13>
      <Unit14>
        <CursorPos X="33" Y="25"/>
        <EditorIndex Value="4"/>
        <Filename Value="fabout.pas"/>
        <ComponentName Value="frmAbout"/>
        <Loaded Value="True"/>
        <ResourceFilename Value="fabout.lrs"/>
        <TopLine Value="1"/>
        <UnitName Value="fAbout"/>
        <UsageCount Value="10"/>
      </Unit14>
    </Units>
    <PublishOptions>
      <Version Value="2"/>
      <DestinationDirectory Value="/home/radek/public/"/>
      <IgnoreBinaries Value="False"/>
      <IncludeFileFilter Value="*.(pas|pp|inc|lfm|lpr|lrs|lpi|lpk|sh|xml)"/>
      <UseExcludeFileFilter Value="True"/>
      <ExcludeFileFilter Value="*.(bak|ppu|ppw|o|so);*~;backup"/>
    </PublishOptions>
    <RunParams>
      <local>
        <FormatVersion Value="1"/>
        <LaunchingApplication PathPlusParams="/usr/X11R6/bin/xterm -T 'Lazarus Run Output' -e $(LazarusDir)/tools/runwait.sh $(TargetCmdLine)"/>
      </local>
    </RunParams>
    <RequiredPackages Count="4">
      <Item1>
        <PackageName Value="viewerpackage"/>
      </Item1>
      <Item2>
        <PackageName Value="SynEdit"/>
        <MinVersion Major="1" Valid="True"/>
      </Item2>
      <Item3>
        <PackageName Value="LCL"/>
        <MinVersion Major="1" Valid="True"/>
      </Item3>
      <Item4>
        <PackageName Value="JPEGForLazarus"/>
      </Item4>
    </RequiredPackages>
  </ProjectOptions>
  <CompilerOptions>
    <Version Value="2"/>
    <SearchPaths>
      <SrcPath Value="$(LazarusDir)/lcl/;$(LazarusDir)/lcl/interfaces/$(LCLWidgetType)/"/>
    </SearchPaths>
    <CodeGeneration>
      <Generate Value="Faster"/>
    </CodeGeneration>
    <Linking>
      <Debugging>
        <GenerateDebugInfo Value="True"/>
      </Debugging>
    </Linking>
    <Other>
      <CompilerPath Value="$(CompPath)"/>
    </Other>
  </CompilerOptions>
  <Debugging>
    <BreakPoints Count="1">
      <Item1>
        <Source Value="/home/radek/kodovani2/lazarus/lcl/include/imglist.inc"/>
        <Line Value="435"/>
      </Item1>
    </BreakPoints>
  </Debugging>
</CONFIG>
